// !$*UTF8*$!
{
	archiveVersion = 1;
	classes = {
	};
	objectVersion = 77;
	objects = {

/* Begin PBXBuildFile section */
		2C5A94DAC2232C5CC311DEB2 /* Property.swift in Sources */ = {isa = PBXBuildFile; fileRef = 91D6B659F8A73BE46B711051 /* Property.swift */; };
		31FE15754CFC258020F0D3DB /* MoscowRealtyTests.swift in Sources */ = {isa = PBXBuildFile; fileRef = E9A0A21D60D2CA1B66923D87 /* MoscowRealtyTests.swift */; };
		42CC2C3C2A17076AF8038DAF /* ViewState.swift in Sources */ = {isa = PBXBuildFile; fileRef = 20F598DE68E0A970C57CDA4E /* ViewState.swift */; };
		44E535D330F4CA3A609FD5D2 /* MoscowRealtyApp.swift in Sources */ = {isa = PBXBuildFile; fileRef = 40A1F9D97A02DBC87E15AF82 /* MoscowRealtyApp.swift */; };
		9AB416E01FB7AD040C718755 /* PropertyModelTests.swift in Sources */ = {isa = PBXBuildFile; fileRef = DDC81185E1A91C62711AC4E9 /* PropertyModelTests.swift */; };
/* End PBXBuildFile section */

/* Begin PBXContainerItemProxy section */
		EFBA890F144695EC1D8BCFC7 /* PBXContainerItemProxy */ = {
			isa = PBXContainerItemProxy;
			containerPortal = 769B84AFB12493A35F868405 /* Project object */;
			proxyType = 1;
			remoteGlobalIDString = 85D8C2A00176FF77E1320733;
			remoteInfo = MoscowRealty;
		};
/* End PBXContainerItemProxy section */

/* Begin PBXFileReference section */
		20F598DE68E0A970C57CDA4E /* ViewState.swift */ = {isa = PBXFileReference; lastKnownFileType = sourcecode.swift; path = ViewState.swift; sourceTree = "<group>"; };
		40A1F9D97A02DBC87E15AF82 /* MoscowRealtyApp.swift */ = {isa = PBXFileReference; lastKnownFileType = sourcecode.swift; path = MoscowRealtyApp.swift; sourceTree = "<group>"; };
		5D5647CAB658AECABE6BBAD1 /* Info.plist */ = {isa = PBXFileReference; lastKnownFileType = text.plist; path = Info.plist; sourceTree = "<group>"; };
		91D6B659F8A73BE46B711051 /* Property.swift */ = {isa = PBXFileReference; lastKnownFileType = sourcecode.swift; path = Property.swift; sourceTree = "<group>"; };
		97EB1FB720AD5C0681CF0C8A /* MoscowRealty.app */ = {isa = PBXFileReference; includeInIndex = 0; lastKnownFileType = wrapper.application; path = MoscowRealty.app; sourceTree = BUILT_PRODUCTS_DIR; };
		C1A755DC64BB56517834E38D /* MoscowRealtyTests.xctest */ = {isa = PBXFileReference; includeInIndex = 0; lastKnownFileType = wrapper.cfbundle; path = MoscowRealtyTests.xctest; sourceTree = BUILT_PRODUCTS_DIR; };
		C9BB14D91B8EF479F74FBDB1 /* Info.plist */ = {isa = PBXFileReference; lastKnownFileType = text.plist; path = Info.plist; sourceTree = "<group>"; };
		DDC81185E1A91C62711AC4E9 /* PropertyModelTests.swift */ = {isa = PBXFileReference; lastKnownFileType = sourcecode.swift; path = PropertyModelTests.swift; sourceTree = "<group>"; };
		E9A0A21D60D2CA1B66923D87 /* MoscowRealtyTests.swift */ = {isa = PBXFileReference; lastKnownFileType = sourcecode.swift; path = MoscowRealtyTests.swift; sourceTree = "<group>"; };
/* End PBXFileReference section */

/* Begin PBXGroup section */
		14E2AC31E63E4EE947140CAB /* MoscowRealty */ = {
			isa = PBXGroup;
			children = (
				C9BB14D91B8EF479F74FBDB1 /* Info.plist */,
				D74A77E26E13A2FC8A9C5AC7 /* App */,
				E1EB25CBB9E195DCC7D29D39 /* Core */,
			);
			path = MoscowRealty;
			sourceTree = "<group>";
		};
		53F13DE591039BBBB58B5DEC /* Models */ = {
			isa = PBXGroup;
			children = (
				91D6B659F8A73BE46B711051 /* Property.swift */,
			);
			path = Models;
			sourceTree = "<group>";
		};
		5B0D4B73B972188D0E6D5626 /* Models */ = {
			isa = PBXGroup;
			children = (
				DDC81185E1A91C62711AC4E9 /* PropertyModelTests.swift */,
			);
			path = Models;
			sourceTree = "<group>";
		};
		69E2204D51B00564B6EEB6D7 /* MoscowRealtyTests */ = {
			isa = PBXGroup;
			children = (
				5D5647CAB658AECABE6BBAD1 /* Info.plist */,
				E9A0A21D60D2CA1B66923D87 /* MoscowRealtyTests.swift */,
				5B0D4B73B972188D0E6D5626 /* Models */,
			);
			path = MoscowRealtyTests;
			sourceTree = "<group>";
		};
		C878DA6B012EC163BBEEF657 /* Products */ = {
			isa = PBXGroup;
			children = (
				97EB1FB720AD5C0681CF0C8A /* MoscowRealty.app */,
				C1A755DC64BB56517834E38D /* MoscowRealtyTests.xctest */,
			);
			name = Products;
			sourceTree = "<group>";
		};
		C8A46EAF8D1B65C3FDC5C4A9 = {
			isa = PBXGroup;
			children = (
				14E2AC31E63E4EE947140CAB /* MoscowRealty */,
				69E2204D51B00564B6EEB6D7 /* MoscowRealtyTests */,
				C878DA6B012EC163BBEEF657 /* Products */,
			);
			sourceTree = "<group>";
		};
		D74A77E26E13A2FC8A9C5AC7 /* App */ = {
			isa = PBXGroup;
			children = (
				40A1F9D97A02DBC87E15AF82 /* MoscowRealtyApp.swift */,
			);
			path = App;
			sourceTree = "<group>";
		};
		E1EB25CBB9E195DCC7D29D39 /* Core */ = {
			isa = PBXGroup;
			children = (
				20F598DE68E0A970C57CDA4E /* ViewState.swift */,
				53F13DE591039BBBB58B5DEC /* Models */,
			);
			path = Core;
			sourceTree = "<group>";
		};
		"TEMP_0D19067A-8DEE-4B2B-972D-8C9447EEA248" /* Features */ = {
			isa = PBXGroup;
			children = (
			);
			path = Features;
			sourceTree = "<group>";
		};
		"TEMP_3E73D635-BC66-4DA7-9CB1-74FB1EA9EBBD" /* Auth */ = {
			isa = PBXGroup;
			children = (
			);
			path = Auth;
			sourceTree = "<group>";
		};
		"TEMP_408357FA-0E3C-43AE-BB09-3951D272AF38" /* Favorites */ = {
			isa = PBXGroup;
			children = (
			);
			path = Favorites;
			sourceTree = "<group>";
		};
		"TEMP_4C5F31FA-9524-4E7F-8980-E49FA0BF74C1" /* Profile */ = {
			isa = PBXGroup;
			children = (
			);
			path = Profile;
			sourceTree = "<group>";
		};
		"TEMP_54329570-5FCA-4C69-974A-FF3FA65E85B2" /* Home */ = {
			isa = PBXGroup;
			children = (
			);
			path = Home;
			sourceTree = "<group>";
		};
		"TEMP_5B8D270D-1E2D-4D67-B40D-1DA71F0188A2" /* PropertyDetail */ = {
			isa = PBXGroup;
			children = (
			);
			path = PropertyDetail;
			sourceTree = "<group>";
		};
		"TEMP_5BCD3E8B-99E5-40D1-94F4-808B2A590818" /* Catalog */ = {
			isa = PBXGroup;
			children = (
			);
			path = Catalog;
			sourceTree = "<group>";
		};
		"TEMP_69576CF7-46E1-4575-ACED-500B1B888046" /* Search */ = {
			isa = PBXGroup;
			children = (
			);
			path = Search;
			sourceTree = "<group>";
		};
		"TEMP_903FF72B-2397-4D1D-9F95-2CC286E55257" /* Chat */ = {
			isa = PBXGroup;
			children = (
			);
			path = Chat;
			sourceTree = "<group>";
		};
		"TEMP_F6F4918E-8E60-40E0-B694-958558F145E9" /* Agent */ = {
			isa = PBXGroup;
			children = (
			);
			path = Agent;
			sourceTree = "<group>";
		};
/* End PBXGroup section */

/* Begin PBXNativeTarget section */
		0B5F7936D439525DB52D9D28 /* MoscowRealtyTests */ = {
			isa = PBXNativeTarget;
			buildConfigurationList = DAA4C77519CFA22BB9FF6067 /* Build configuration list for PBXNativeTarget "MoscowRealtyTests" */;
			buildPhases = (
				C784131BF72CFE5575D30CDE /* Sources */,
			);
			buildRules = (
			);
			dependencies = (
				8C4E6C56A770E970861B0D7C /* PBXTargetDependency */,
			);
			name = MoscowRealtyTests;
			packageProductDependencies = (
			);
			productName = MoscowRealtyTests;
			productReference = C1A755DC64BB56517834E38D /* MoscowRealtyTests.xctest */;
			productType = "com.apple.product-type.bundle.unit-test";
		};
		85D8C2A00176FF77E1320733 /* MoscowRealty */ = {
			isa = PBXNativeTarget;
			buildConfigurationList = E894E9C921FEBB54F40436F7 /* Build configuration list for PBXNativeTarget "MoscowRealty" */;
			buildPhases = (
				78421884004DCECA8A16A9DC /* Sources */,
			);
			buildRules = (
			);
			dependencies = (
			);
			name = MoscowRealty;
			packageProductDependencies = (
			);
			productName = MoscowRealty;
			productReference = 97EB1FB720AD5C0681CF0C8A /* MoscowRealty.app */;
			productType = "com.apple.product-type.application";
		};
/* End PBXNativeTarget section */

/* Begin PBXProject section */
		769B84AFB12493A35F868405 /* Project object */ = {
			isa = PBXProject;
			attributes = {
				BuildIndependentTargetsInParallel = YES;
				LastUpgradeCheck = 1430;
				TargetAttributes = {
				};
			};
			buildConfigurationList = 928179E69598B64B6BB468A7 /* Build configuration list for PBXProject "MoscowRealty" */;
			developmentRegion = en;
			hasScannedForEncodings = 0;
			knownRegions = (
				Base,
				en,
			);
			mainGroup = C8A46EAF8D1B65C3FDC5C4A9;
			minimizedProjectReferenceProxies = 1;
			preferredProjectObjectVersion = 77;
			productRefGroup = C878DA6B012EC163BBEEF657 /* Products */;
			projectDirPath = "";
			projectRoot = "";
			targets = (
				85D8C2A00176FF77E1320733 /* MoscowRealty */,
				0B5F7936D439525DB52D9D28 /* MoscowRealtyTests */,
			);
		};
/* End PBXProject section */

/* Begin PBXSourcesBuildPhase section */
		78421884004DCECA8A16A9DC /* Sources */ = {
			isa = PBXSourcesBuildPhase;
			buildActionMask = 2147483647;
			files = (
				44E535D330F4CA3A609FD5D2 /* MoscowRealtyApp.swift in Sources */,
				2C5A94DAC2232C5CC311DEB2 /* Property.swift in Sources */,
				42CC2C3C2A17076AF8038DAF /* ViewState.swift in Sources */,
			);
			runOnlyForDeploymentPostprocessing = 0;
		};
		C784131BF72CFE5575D30CDE /* Sources */ = {
			isa = PBXSourcesBuildPhase;
			buildActionMask = 2147483647;
			files = (
				31FE15754CFC258020F0D3DB /* MoscowRealtyTests.swift in Sources */,
				9AB416E01FB7AD040C718755 /* PropertyModelTests.swift in Sources */,
			);
			runOnlyForDeploymentPostprocessing = 0;
		};
/* End PBXSourcesBuildPhase section */

/* Begin PBXTargetDependency section */
		8C4E6C56A770E970861B0D7C /* PBXTargetDependency */ = {
			isa = PBXTargetDependency;
			target = 85D8C2A00176FF77E1320733 /* MoscowRealty */;
			targetProxy = EFBA890F144695EC1D8BCFC7 /* PBXContainerItemProxy */;
		};
/* End PBXTargetDependency section */

/* Begin XCBuildConfiguration section */
		23D2520EDD3F5B8B5D0CADCA /* Debug */ = {
			isa = XCBuildConfiguration;
			buildSettings = {
				BUNDLE_LOADER = "$(TEST_HOST)";
				INFOPLIST_FILE = MoscowRealtyTests/Info.plist;
				LD_RUNPATH_SEARCH_PATHS = (
					"$(inherited)",
					"@executable_path/Frameworks",
					"@loader_path/Frameworks",
				);
				PRODUCT_BUNDLE_IDENTIFIER = com.baha.moscowrealtyTests;
				SDKROOT = iphoneos;
				TARGETED_DEVICE_FAMILY = "1,2";
				TEST_HOST = "$(BUILT_PRODUCTS_DIR)/MoscowRealty.app/MoscowRealty";
			};
			name = Debug;
		};
		35C61C5DD77631F9968F052E /* Debug */ = {
			isa = XCBuildConfiguration;
			buildSettings = {
				ASSETCATALOG_COMPILER_APPICON_NAME = AppIcon;
				CODE_SIGN_IDENTITY = "iPhone Developer";
				INFOPLIST_FILE = MoscowRealty/Info.plist;
				LD_RUNPATH_SEARCH_PATHS = (
					"$(inherited)",
					"@executable_path/Frameworks",
				);
				PRODUCT_BUNDLE_IDENTIFIER = com.baha.moscowrealty;
				SDKROOT = iphoneos;
				TARGETED_DEVICE_FAMILY = "1,2";
			};
			name = Debug;
		};
		3C35EA9579156724A0E4C9C4 /* Release */ = {
			isa = XCBuildConfiguration;
			buildSettings = {
				ASSETCATALOG_COMPILER_APPICON_NAME = AppIcon;
				CODE_SIGN_IDENTITY = "iPhone Developer";
				INFOPLIST_FILE = MoscowRealty/Info.plist;
				LD_RUNPATH_SEARCH_PATHS = (
					"$(inherited)",
					"@executable_path/Frameworks",
				);
				PRODUCT_BUNDLE_IDENTIFIER = com.baha.moscowrealty;
				SDKROOT = iphoneos;
				TARGETED_DEVICE_FAMILY = "1,2";
			};
			name = Release;
		};
		B635FCA86D8AE2727170F782 /* Release */ = {
			isa = XCBuildConfiguration;
			buildSettings = {
				BUNDLE_LOADER = "$(TEST_HOST)";
				INFOPLIST_FILE = MoscowRealtyTests/Info.plist;
				LD_RUNPATH_SEARCH_PATHS = (
					"$(inherited)",
					"@executable_path/Frameworks",
					"@loader_path/Frameworks",
				);
				PRODUCT_BUNDLE_IDENTIFIER = com.baha.moscowrealtyTests;
				SDKROOT = iphoneos;
				TARGETED_DEVICE_FAMILY = "1,2";
				TEST_HOST = "$(BUILT_PRODUCTS_DIR)/MoscowRealty.app/MoscowRealty";
			};
			name = Release;
		};
		CBD923FFF0E5FA82A20E530A /* Debug */ = {
			isa = XCBuildConfiguration;
			buildSettings = {
				ALWAYS_SEARCH_USER_PATHS = NO;
				CLANG_ANALYZER_NONNULL = YES;
				CLANG_ANALYZER_NUMBER_OBJECT_CONVERSION = YES_AGGRESSIVE;
				CLANG_CXX_LANGUAGE_STANDARD = "gnu++14";
				CLANG_CXX_LIBRARY = "libc++";
				CLANG_ENABLE_MODULES = YES;
				CLANG_ENABLE_OBJC_ARC = YES;
				CLANG_ENABLE_OBJC_WEAK = YES;
				CLANG_WARN_BLOCK_CAPTURE_AUTORELEASING = YES;
				CLANG_WARN_BOOL_CONVERSION = YES;
				CLANG_WARN_COMMA = YES;
				CLANG_WARN_CONSTANT_CONVERSION = YES;
				CLANG_WARN_DEPRECATED_OBJC_IMPLEMENTATIONS = YES;
				CLANG_WARN_DIRECT_OBJC_ISA_USAGE = YES_ERROR;
				CLANG_WARN_DOCUMENTATION_COMMENTS = YES;
				CLANG_WARN_EMPTY_BODY = YES;
				CLANG_WARN_ENUM_CONVERSION = YES;
				CLANG_WARN_INFINITE_RECURSION = YES;
				CLANG_WARN_INT_CONVERSION = YES;
				CLANG_WARN_NON_LITERAL_NULL_CONVERSION = YES;
				CLANG_WARN_OBJC_IMPLICIT_RETAIN_SELF = YES;
				CLANG_WARN_OBJC_LITERAL_CONVERSION = YES;
				CLANG_WARN_OBJC_ROOT_CLASS = YES_ERROR;
				CLANG_WARN_QUOTED_INCLUDE_IN_FRAMEWORK_HEADER = YES;
				CLANG_WARN_RANGE_LOOP_ANALYSIS = YES;
				CLANG_WARN_STRICT_PROTOTYPES = YES;
				CLANG_WARN_SUSPICIOUS_MOVE = YES;
				CLANG_WARN_UNGUARDED_AVAILABILITY = YES_AGGRESSIVE;
				CLANG_WARN_UNREACHABLE_CODE = YES;
				CLANG_WARN__DUPLICATE_METHOD_MATCH = YES;
				COPY_PHASE_STRIP = NO;
				DEBUG_INFORMATION_FORMAT = dwarf;
				ENABLE_STRICT_OBJC_MSGSEND = YES;
				ENABLE_TESTABILITY = YES;
				GCC_C_LANGUAGE_STANDARD = gnu11;
				GCC_DYNAMIC_NO_PIC = NO;
				GCC_NO_COMMON_BLOCKS = YES;
				GCC_OPTIMIZATION_LEVEL = 0;
				GCC_PREPROCESSOR_DEFINITIONS = (
					"$(inherited)",
					"DEBUG=1",
				);
				GCC_WARN_64_TO_32_BIT_CONVERSION = YES;
				GCC_WARN_ABOUT_RETURN_TYPE = YES_ERROR;
				GCC_WARN_UNDECLARED_SELECTOR = YES;
				GCC_WARN_UNINITIALIZED_AUTOS = YES_AGGRESSIVE;
				GCC_WARN_UNUSED_FUNCTION = YES;
				GCC_WARN_UNUSED_VARIABLE = YES;
				IPHONEOS_DEPLOYMENT_TARGET = 17.0;
				MTL_ENABLE_DEBUG_INFO = INCLUDE_SOURCE;
				MTL_FAST_MATH = YES;
				ONLY_ACTIVE_ARCH = YES;
				PRODUCT_NAME = "$(TARGET_NAME)";
				SDKROOT = iphoneos;
				SWIFT_ACTIVE_COMPILATION_CONDITIONS = DEBUG;
				SWIFT_OPTIMIZATION_LEVEL = "-Onone";
				SWIFT_VERSION = 5.9;
			};
			name = Debug;
		};
		FBFC4A1B5C5E9E4DCD9BF342 /* Release */ = {
			isa = XCBuildConfiguration;
			buildSettings = {
				ALWAYS_SEARCH_USER_PATHS = NO;
				CLANG_ANALYZER_NONNULL = YES;
				CLANG_ANALYZER_NUMBER_OBJECT_CONVERSION = YES_AGGRESSIVE;
				CLANG_CXX_LANGUAGE_STANDARD = "gnu++14";
				CLANG_CXX_LIBRARY = "libc++";
				CLANG_ENABLE_MODULES = YES;
				CLANG_ENABLE_OBJC_ARC = YES;
				CLANG_ENABLE_OBJC_WEAK = YES;
				CLANG_WARN_BLOCK_CAPTURE_AUTORELEASING = YES;
				CLANG_WARN_BOOL_CONVERSION = YES;
				CLANG_WARN_COMMA = YES;
				CLANG_WARN_CONSTANT_CONVERSION = YES;
				CLANG_WARN_DEPRECATED_OBJC_IMPLEMENTATIONS = YES;
				CLANG_WARN_DIRECT_OBJC_ISA_USAGE = YES_ERROR;
				CLANG_WARN_DOCUMENTATION_COMMENTS = YES;
				CLANG_WARN_EMPTY_BODY = YES;
				CLANG_WARN_ENUM_CONVERSION = YES;
				CLANG_WARN_INFINITE_RECURSION = YES;
				CLANG_WARN_INT_CONVERSION = YES;
				CLANG_WARN_NON_LITERAL_NULL_CONVERSION = YES;
				CLANG_WARN_OBJC_IMPLICIT_RETAIN_SELF = YES;
				CLANG_WARN_OBJC_LITERAL_CONVERSION = YES;
				CLANG_WARN_OBJC_ROOT_CLASS = YES_ERROR;
				CLANG_WARN_QUOTED_INCLUDE_IN_FRAMEWORK_HEADER = YES;
				CLANG_WARN_RANGE_LOOP_ANALYSIS = YES;
				CLANG_WARN_STRICT_PROTOTYPES = YES;
				CLANG_WARN_SUSPICIOUS_MOVE = YES;
				CLANG_WARN_UNGUARDED_AVAILABILITY = YES_AGGRESSIVE;
				CLANG_WARN_UNREACHABLE_CODE = YES;
				CLANG_WARN__DUPLICATE_METHOD_MATCH = YES;
				COPY_PHASE_STRIP = NO;
				DEBUG_INFORMATION_FORMAT = "dwarf-with-dsym";
				ENABLE_NS_ASSERTIONS = NO;
				ENABLE_STRICT_OBJC_MSGSEND = YES;
				GCC_C_LANGUAGE_STANDARD = gnu11;
				GCC_NO_COMMON_BLOCKS = YES;
				GCC_WARN_64_TO_32_BIT_CONVERSION = YES;
				GCC_WARN_ABOUT_RETURN_TYPE = YES_ERROR;
				GCC_WARN_UNDECLARED_SELECTOR = YES;
				GCC_WARN_UNINITIALIZED_AUTOS = YES_AGGRESSIVE;
				GCC_WARN_UNUSED_FUNCTION = YES;
				GCC_WARN_UNUSED_VARIABLE = YES;
				IPHONEOS_DEPLOYMENT_TARGET = 17.0;
				MTL_ENABLE_DEBUG_INFO = NO;
				MTL_FAST_MATH = YES;
				PRODUCT_NAME = "$(TARGET_NAME)";
				SDKROOT = iphoneos;
				SWIFT_COMPILATION_MODE = wholemodule;
				SWIFT_OPTIMIZATION_LEVEL = "-O";
				SWIFT_VERSION = 5.9;
			};
			name = Release;
		};
/* End XCBuildConfiguration section */

/* Begin XCConfigurationList section */
		928179E69598B64B6BB468A7 /* Build configuration list for PBXProject "MoscowRealty" */ = {
			isa = XCConfigurationList;
			buildConfigurations = (
				CBD923FFF0E5FA82A20E530A /* Debug */,
				FBFC4A1B5C5E9E4DCD9BF342 /* Release */,
			);
			defaultConfigurationIsVisible = 0;
			defaultConfigurationName = Debug;
		};
		DAA4C77519CFA22BB9FF6067 /* Build configuration list for PBXNativeTarget "MoscowRealtyTests" */ = {
			isa = XCConfigurationList;
			buildConfigurations = (
				23D2520EDD3F5B8B5D0CADCA /* Debug */,
				B635FCA86D8AE2727170F782 /* Release */,
			);
			defaultConfigurationIsVisible = 0;
			defaultConfigurationName = Debug;
		};
		E894E9C921FEBB54F40436F7 /* Build configuration list for PBXNativeTarget "MoscowRealty" */ = {
			isa = XCConfigurationList;
			buildConfigurations = (
				35C61C5DD77631F9968F052E /* Debug */,
				3C35EA9579156724A0E4C9C4 /* Release */,
			);
			defaultConfigurationIsVisible = 0;
			defaultConfigurationName = Debug;
		};
/* End XCConfigurationList section */
	};
	rootObject = 769B84AFB12493A35F868405 /* Project object */;
}
